<?xml version="1.0" encoding="UTF-8" standalone="yes" ?>
<CodeBlocks_project_file>
	<FileVersion major="1" minor="6" />
	<Project>
		<Option title="ip_config" />
		<Option pch_mode="2" />
		<Option compiler="gcc" />
		<Build>
			<Target title="Debug">
				<Option output="bin/Debug/ip_config" prefix_auto="1" extension_auto="1" />
				<Option object_output="obj/Debug/" />
				<Option type="1" />
				<Option compiler="gcc" />
				<Option host_application="test.tsv" />
				<Option run_host_application_in_terminal="0" />
				<Compiler>
					<Add option="-Weffc++" />
					<Add option="-pedantic" />
					<Add option="-Wextra" />
					<Add option="-Wall" />
					<Add option="-std=c++14" />
					<Add option="-g" />
				</Compiler>
				<Linker>
					<Add library="/usr/lib/x86_64-linux-gnu/libboost_unit_test_framework.so" />
				</Linker>
			</Target>
			<Target title="Release">
				<Option output="bin/Release/ip_config" prefix_auto="1" extension_auto="1" />
				<Option object_output="obj/Release/" />
				<Option type="1" />
				<Option compiler="gcc" />
				<Compiler>
					<Add option="-O2" />
					<Add option="-Weffc++" />
					<Add option="-pedantic" />
					<Add option="-Wextra" />
					<Add option="-Wall" />
					<Add option="-std=c++14" />
				</Compiler>
				<Linker>
					<Add option="-s" />
					<Add library="/usr/lib/x86_64-linux-gnu/libboost_unit_test_framework.so" />
				</Linker>
			</Target>
			<Target title="Tests">
				<Option output="bin/Tests/tests" prefix_auto="1" extension_auto="1" />
				<Option type="0" />
				<Option compiler="gcc" />
				<Compiler>
					<Add option="-Weffc++" />
					<Add option="-pedantic" />
					<Add option="-Wextra" />
					<Add option="-Wall" />
					<Add option="-std=c++14" />
					<Add option="-log_level=test_suite" />
				</Compiler>
				<Linker>
					<Add library="/usr/lib/x86_64-linux-gnu/libboost_unit_test_framework.so" />
				</Linker>
			</Target>
		</Build>
		<Compiler>
			<Add option="-Weffc++" />
			<Add option="-Wzero-as-null-pointer-constant" />
			<Add option="-pedantic" />
			<Add option="-Wextra" />
			<Add option="-Wall" />
			<Add option="-std=c++14" />
			<Add option="-fexceptions" />
		</Compiler>
		<Linker>
			<Add library="/usr/lib/x86_64-linux-gnu/libboost_unit_test_framework.so" />
		</Linker>
		<Unit filename="ip_config.cpp">
			<Option target="Debug" />
			<Option target="Release" />
		</Unit>
		<Unit filename="lib.cpp" />
		<Unit filename="lib.h" />
		<Unit filename="tests.cpp">
			<Option target="Tests" />
		</Unit>
		<Unit filename="version.h" />
		<Extensions>
			<envvars />
			<code_completion />
			<lib_finder disable_auto="1" />
			<debugger />
		</Extensions>
	</Project>
</CodeBlocks_project_file>
